// !$*UTF8*$!
{
	archiveVersion = 1;
	classes = {
	};
	objectVersion = 56;
	objects = {

/* Begin PBXBuildFile section */
		6CB5416A29B244FA00F54FBB /* AppDelegate.swift in Sources */ = {isa = PBXBuildFile; fileRef = 6CB5416929B244FA00F54FBB /* AppDelegate.swift */; };
		6CB5416C29B244FA00F54FBB /* SceneDelegate.swift in Sources */ = {isa = PBXBuildFile; fileRef = 6CB5416B29B244FA00F54FBB /* SceneDelegate.swift */; };
		6CB5416E29B244FA00F54FBB /* ViewController.swift in Sources */ = {isa = PBXBuildFile; fileRef = 6CB5416D29B244FA00F54FBB /* ViewController.swift */; };
		6CB5417129B244FA00F54FBB /* Main.storyboard in Resources */ = {isa = PBXBuildFile; fileRef = 6CB5416F29B244FA00F54FBB /* Main.storyboard */; };
		6CB5417329B244FC00F54FBB /* Assets.xcassets in Resources */ = {isa = PBXBuildFile; fileRef = 6CB5417229B244FC00F54FBB /* Assets.xcassets */; };
		6CB5417629B244FC00F54FBB /* LaunchScreen.storyboard in Resources */ = {isa = PBXBuildFile; fileRef = 6CB5417429B244FC00F54FBB /* LaunchScreen.storyboard */; };
		6CB5417E29B2471700F54FBB /* Extension+UIVView.swift in Sources */ = {isa = PBXBuildFile; fileRef = 6CB5417D29B2471700F54FBB /* Extension+UIVView.swift */; };
		6CB5418029B24B8700F54FBB /* PreviewViewController.swift in Sources */ = {isa = PBXBuildFile; fileRef = 6CB5417F29B24B8700F54FBB /* PreviewViewController.swift */; };
		6CB5418229B24B9300F54FBB /* PlayViewController.swift in Sources */ = {isa = PBXBuildFile; fileRef = 6CB5418129B24B9300F54FBB /* PlayViewController.swift */; };
/* End PBXBuildFile section */

/* Begin PBXFileReference section */
		6CB5416629B244FA00F54FBB /* ReproductorMusica.app */ = {isa = PBXFileReference; explicitFileType = wrapper.application; includeInIndex = 0; path = ReproductorMusica.app; sourceTree = BUILT_PRODUCTS_DIR; };
		6CB5416929B244FA00F54FBB /* AppDelegate.swift */ = {isa = PBXFileReference; lastKnownFileType = sourcecode.swift; path = AppDelegate.swift; sourceTree = "<group>"; };
		6CB5416B29B244FA00F54FBB /* SceneDelegate.swift */ = {isa = PBXFileReference; lastKnownFileType = sourcecode.swift; path = SceneDelegate.swift; sourceTree = "<group>"; };
		6CB5416D29B244FA00F54FBB /* ViewController.swift */ = {isa = PBXFileReference; lastKnownFileType = sourcecode.swift; path = ViewController.swift; sourceTree = "<group>"; };
		6CB5417029B244FA00F54FBB /* Base */ = {isa = PBXFileReference; lastKnownFileType = file.storyboard; name = Base; path = Base.lproj/Main.storyboard; sourceTree = "<group>"; };
		6CB5417229B244FC00F54FBB /* Assets.xcassets */ = {isa = PBXFileReference; lastKnownFileType = folder.assetcatalog; path = Assets.xcassets; sourceTree = "<group>"; };
		6CB5417529B244FC00F54FBB /* Base */ = {isa = PBXFileReference; lastKnownFileType = file.storyboard; name = Base; path = Base.lproj/LaunchScreen.storyboard; sourceTree = "<group>"; };
		6CB5417729B244FC00F54FBB /* Info.plist */ = {isa = PBXFileReference; lastKnownFileType = text.plist.xml; path = Info.plist; sourceTree = "<group>"; };
		6CB5417D29B2471700F54FBB /* Extension+UIVView.swift */ = {isa = PBXFileReference; lastKnownFileType = sourcecode.swift; path = "Extension+UIVView.swift"; sourceTree = "<group>"; };
		6CB5417F29B24B8700F54FBB /* PreviewViewController.swift */ = {isa = PBXFileReference; lastKnownFileType = sourcecode.swift; path = PreviewViewController.swift; sourceTree = "<group>"; };
		6CB5418129B24B9300F54FBB /* PlayViewController.swift */ = {isa = PBXFileReference; lastKnownFileType = sourcecode.swift; path = PlayViewController.swift; sourceTree = "<group>"; };
/* End PBXFileReference section */

/* Begin PBXFrameworksBuildPhase section */
		6CB5416329B244F900F54FBB /* Frameworks */ = {
			isa = PBXFrameworksBuildPhase;
			buildActionMask = 2147483647;
			files = (
			);
			runOnlyForDeploymentPostprocessing = 0;
		};
/* End PBXFrameworksBuildPhase section */

/* Begin PBXGroup section */
		6CB5415D29B244F900F54FBB = {
			isa = PBXGroup;
			children = (
				6CB5416829B244FA00F54FBB /* ReproductorMusica */,
				6CB5416729B244FA00F54FBB /* Products */,
			);
			sourceTree = "<group>";
		};
		6CB5416729B244FA00F54FBB /* Products */ = {
			isa = PBXGroup;
			children = (
				6CB5416629B244FA00F54FBB /* ReproductorMusica.app */,
			);
			name = Products;
			sourceTree = "<group>";
		};
		6CB5416829B244FA00F54FBB /* ReproductorMusica */ = {
			isa = PBXGroup;
			children = (
				6CB5416929B244FA00F54FBB /* AppDelegate.swift */,
				6CB5416B29B244FA00F54FBB /* SceneDelegate.swift */,
				6CB5416D29B244FA00F54FBB /* ViewController.swift */,
				6CB5416F29B244FA00F54FBB /* Main.storyboard */,
				6CB5417229B244FC00F54FBB /* Assets.xcassets */,
				6CB5417429B244FC00F54FBB /* LaunchScreen.storyboard */,
				6CB5417729B244FC00F54FBB /* Info.plist */,
				6CB5417D29B2471700F54FBB /* Extension+UIVView.swift */,
				6CB5417F29B24B8700F54FBB /* PreviewViewController.swift */,
				6CB5418129B24B9300F54FBB /* PlayViewController.swift */,
			);
			path = ReproductorMusica;
			sourceTree = "<group>";
		};
/* End PBXGroup section */

/* Begin PBXNativeTarget section */
		6CB5416529B244F900F54FBB /* ReproductorMusica */ = {
			isa = PBXNativeTarget;
			buildConfigurationList = 6CB5417A29B244FC00F54FBB /* Build configuration list for PBXNativeTarget "ReproductorMusica" */;
			buildPhases = (
				6CB5416229B244F900F54FBB /* Sources */,
				6CB5416329B244F900F54FBB /* Frameworks */,
				6CB5416429B244F900F54FBB /* Resources */,
			);
			buildRules = (
			);
			dependencies = (
			);
			name = ReproductorMusica;
			productName = ReproductorMusica;
			productReference = 6CB5416629B244FA00F54FBB /* ReproductorMusica.app */;
			productType = "com.apple.product-type.application";
		};
/* End PBXNativeTarget section */

/* Begin PBXProject section */
		6CB5415E29B244F900F54FBB /* Project object */ = {
			isa = PBXProject;
			attributes = {
				BuildIndependentTargetsInParallel = 1;
				LastSwiftUpdateCheck = 1420;
				LastUpgradeCheck = 1420;
				TargetAttributes = {
					6CB5416529B244F900F54FBB = {
						CreatedOnToolsVersion = 14.2;
					};
				};
			};
			buildConfigurationList = 6CB5416129B244F900F54FBB /* Build configuration list for PBXProject "ReproductorMusica" */;
			compatibilityVersion = "Xcode 14.0";
			developmentRegion = en;
			hasScannedForEncodings = 0;
			knownRegions = (
				en,
				Base,
			);
			mainGroup = 6CB5415D29B244F900F54FBB;
			productRefGroup = 6CB5416729B244FA00F54FBB /* Products */;
			projectDirPath = "";
			projectRoot = "";
			targets = (
				6CB5416529B244F900F54FBB /* ReproductorMusica */,
			);
		};
/* End PBXProject section */

/* Begin PBXResourcesBuildPhase section */
		6CB5416429B244F900F54FBB /* Resources */ = {
			isa = PBXResourcesBuildPhase;
			buildActionMask = 2147483647;
			files = (
				6CB5417629B244FC00F54FBB /* LaunchScreen.storyboard in Resources */,
				6CB5417329B244FC00F54FBB /* Assets.xcassets in Resources */,
				6CB5417129B244FA00F54FBB /* Main.storyboard in Resources */,
			);
			runOnlyForDeploymentPostprocessing = 0;
		};
/* End PBXResourcesBuildPhase section */

/* Begin PBXSourcesBuildPhase section */
		6CB5416229B244F900F54FBB /* Sources */ = {
			isa = PBXSourcesBuildPhase;
			buildActionMask = 2147483647;
			files = (
				6CB5416E29B244FA00F54FBB /* ViewController.swift in Sources */,
				6CB5417E29B2471700F54FBB /* Extension+UIVView.swift in Sources */,
				6CB5416A29B244FA00F54FBB /* AppDelegate.swift in Sources */,
				6CB5418029B24B8700F54FBB /* PreviewViewController.swift in Sources */,
				6CB5418229B24B9300F54FBB /* PlayViewController.swift in Sources */,
				6CB5416C29B244FA00F54FBB /* SceneDelegate.swift in Sources */,
			);
			runOnlyForDeploymentPostprocessing = 0;
		};
/* End PBXSourcesBuildPhase section */

/* Begin PBXVariantGroup section */
		6CB5416F29B244FA00F54FBB /* Main.storyboard */ = {
			isa = PBXVariantGroup;
			children = (
				6CB5417029B244FA00F54FBB /* Base */,
			);
			name = Main.storyboard;
			sourceTree = "<group>";
		};
		6CB5417429B244FC00F54FBB /* LaunchScreen.storyboard */ = {
			isa = PBXVariantGroup;
			children = (
				6CB5417529B244FC00F54FBB /* Base */,
			);
			name = LaunchScreen.storyboard;
			sourceTree = "<group>";
		};
/* End PBXVariantGroup section */

/* Begin XCBuildConfiguration section */
		6CB5417829B244FC00F54FBB /* Debug */ = {
			isa = XCBuildConfiguration;
			buildSettings = {
				ALWAYS_SEARCH_USER_PATHS = NO;
				CLANG_ANALYZER_NONNULL = YES;
				CLANG_ANALYZER_NUMBER_OBJECT_CONVERSION = YES_AGGRESSIVE;
				CLANG_CXX_LANGUAGE_STANDARD = "gnu++20";
				CLANG_ENABLE_MODULES = YES;
				CLANG_ENABLE_OBJC_ARC = YES;
				CLANG_ENABLE_OBJC_WEAK = YES;
				CLANG_WARN_BLOCK_CAPTURE_AUTORELEASING = YES;
				CLANG_WARN_BOOL_CONVERSION = YES;
				CLANG_WARN_COMMA = YES;
				CLANG_WARN_CONSTANT_CONVERSION = YES;
				CLANG_WARN_DEPRECATED_OBJC_IMPLEMENTATIONS = YES;
				CLANG_WARN_DIRECT_OBJC_ISA_USAGE = YES_ERROR;
				CLANG_WARN_DOCUMENTATION_COMMENTS = YES;
				CLANG_WARN_EMPTY_BODY = YES;
				CLANG_WARN_ENUM_CONVERSION = YES;
				CLANG_WARN_INFINITE_RECURSION = YES;
				CLANG_WARN_INT_CONVERSION = YES;
				CLANG_WARN_NON_LITERAL_NULL_CONVERSION = YES;
				CLANG_WARN_OBJC_IMPLICIT_RETAIN_SELF = YES;
				CLANG_WARN_OBJC_LITERAL_CONVERSION = YES;
				CLANG_WARN_OBJC_ROOT_CLASS = YES_ERROR;
				CLANG_WARN_QUOTED_INCLUDE_IN_FRAMEWORK_HEADER = YES;
				CLANG_WARN_RANGE_LOOP_ANALYSIS = YES;
				CLANG_WARN_STRICT_PROTOTYPES = YES;
				CLANG_WARN_SUSPICIOUS_MOVE = YES;
				CLANG_WARN_UNGUARDED_AVAILABILITY = YES_AGGRESSIVE;
				CLANG_WARN_UNREACHABLE_CODE = YES;
				CLANG_WARN__DUPLICATE_METHOD_MATCH = YES;
				COPY_PHASE_STRIP = NO;
				DEBUG_INFORMATION_FORMAT = dwarf;
				ENABLE_STRICT_OBJC_MSGSEND = YES;
				ENABLE_TESTABILITY = YES;
				GCC_C_LANGUAGE_STANDARD = gnu11;
				GCC_DYNAMIC_NO_PIC = NO;
				GCC_NO_COMMON_BLOCKS = YES;
				GCC_OPTIMIZATION_LEVEL = 0;
				GCC_PREPROCESSOR_DEFINITIONS = (
					"DEBUG=1",
					"$(inherited)",
				);
				GCC_WARN_64_TO_32_BIT_CONVERSION = YES;
				GCC_WARN_ABOUT_RETURN_TYPE = YES_ERROR;
				GCC_WARN_UNDECLARED_SELECTOR = YES;
				GCC_WARN_UNINITIALIZED_AUTOS = YES_AGGRESSIVE;
				GCC_WARN_UNUSED_FUNCTION = YES;
				GCC_WARN_UNUSED_VARIABLE = YES;
				IPHONEOS_DEPLOYMENT_TARGET = 16.2;
				MTL_ENABLE_DEBUG_INFO = INCLUDE_SOURCE;
				MTL_FAST_MATH = YES;
				ONLY_ACTIVE_ARCH = YES;
				SDKROOT = iphoneos;
				SWIFT_ACTIVE_COMPILATION_CONDITIONS = DEBUG;
				SWIFT_OPTIMIZATION_LEVEL = "-Onone";
			};
			name = Debug;
		};
		6CB5417929B244FC00F54FBB /* Release */ = {
			isa = XCBuildConfiguration;
			buildSettings = {
				ALWAYS_SEARCH_USER_PATHS = NO;
				CLANG_ANALYZER_NONNULL = YES;
				CLANG_ANALYZER_NUMBER_OBJECT_CONVERSION = YES_AGGRESSIVE;
				CLANG_CXX_LANGUAGE_STANDARD = "gnu++20";
				CLANG_ENABLE_MODULES = YES;
				CLANG_ENABLE_OBJC_ARC = YES;
				CLANG_ENABLE_OBJC_WEAK = YES;
				CLANG_WARN_BLOCK_CAPTURE_AUTORELEASING = YES;
				CLANG_WARN_BOOL_CONVERSION = YES;
				CLANG_WARN_COMMA = YES;
				CLANG_WARN_CONSTANT_CONVERSION = YES;
				CLANG_WARN_DEPRECATED_OBJC_IMPLEMENTATIONS = YES;
				CLANG_WARN_DIRECT_OBJC_ISA_USAGE = YES_ERROR;
				CLANG_WARN_DOCUMENTATION_COMMENTS = YES;
				CLANG_WARN_EMPTY_BODY = YES;
				CLANG_WARN_ENUM_CONVERSION = YES;
				CLANG_WARN_INFINITE_RECURSION = YES;
				CLANG_WARN_INT_CONVERSION = YES;
				CLANG_WARN_NON_LITERAL_NULL_CONVERSION = YES;
				CLANG_WARN_OBJC_IMPLICIT_RETAIN_SELF = YES;
				CLANG_WARN_OBJC_LITERAL_CONVERSION = YES;
				CLANG_WARN_OBJC_ROOT_CLASS = YES_ERROR;
				CLANG_WARN_QUOTED_INCLUDE_IN_FRAMEWORK_HEADER = YES;
				CLANG_WARN_RANGE_LOOP_ANALYSIS = YES;
				CLANG_WARN_STRICT_PROTOTYPES = YES;
				CLANG_WARN_SUSPICIOUS_MOVE = YES;
				CLANG_WARN_UNGUARDED_AVAILABILITY = YES_AGGRESSIVE;
				CLANG_WARN_UNREACHABLE_CODE = YES;
				CLANG_WARN__DUPLICATE_METHOD_MATCH = YES;
				COPY_PHASE_STRIP = NO;
				DEBUG_INFORMATION_FORMAT = "dwarf-with-dsym";
				ENABLE_NS_ASSERTIONS = NO;
				ENABLE_STRICT_OBJC_MSGSEND = YES;
				GCC_C_LANGUAGE_STANDARD = gnu11;
				GCC_NO_COMMON_BLOCKS = YES;
				GCC_WARN_64_TO_32_BIT_CONVERSION = YES;
				GCC_WARN_ABOUT_RETURN_TYPE = YES_ERROR;
				GCC_WARN_UNDECLARED_SELECTOR = YES;
				GCC_WARN_UNINITIALIZED_AUTOS = YES_AGGRESSIVE;
				GCC_WARN_UNUSED_FUNCTION = YES;
				GCC_WARN_UNUSED_VARIABLE = YES;
				IPHONEOS_DEPLOYMENT_TARGET = 16.2;
				MTL_ENABLE_DEBUG_INFO = NO;
				MTL_FAST_MATH = YES;
				SDKROOT = iphoneos;
				SWIFT_COMPILATION_MODE = wholemodule;
				SWIFT_OPTIMIZATION_LEVEL = "-O";
				VALIDATE_PRODUCT = YES;
			};
			name = Release;
		};
		6CB5417B29B244FC00F54FBB /* Debug */ = {
			isa = XCBuildConfiguration;
			buildSettings = {
				ASSETCATALOG_COMPILER_APPICON_NAME = AppIcon;
				ASSETCATALOG_COMPILER_GLOBAL_ACCENT_COLOR_NAME = AccentColor;
				CODE_SIGN_STYLE = Automatic;
				CURRENT_PROJECT_VERSION = 1;
				DEVELOPMENT_TEAM = 28Z45T22J2;
				GENERATE_INFOPLIST_FILE = YES;
				INFOPLIST_FILE = ReproductorMusica/Info.plist;
				INFOPLIST_KEY_UIApplicationSupportsIndirectInputEvents = YES;
				INFOPLIST_KEY_UILaunchStoryboardName = LaunchScreen;
				INFOPLIST_KEY_UIMainStoryboardFile = Main;
				INFOPLIST_KEY_UISupportedInterfaceOrientations_iPad = "UIInterfaceOrientationPortrait UIInterfaceOrientationPortraitUpsideDown UIInterfaceOrientationLandscapeLeft UIInterfaceOrientationLandscapeRight";
				INFOPLIST_KEY_UISupportedInterfaceOrientations_iPhone = "UIInterfaceOrientationPortrait UIInterfaceOrientationLandscapeLeft UIInterfaceOrientationLandscapeRight";
				LD_RUNPATH_SEARCH_PATHS = (
					"$(inherited)",
					"@executable_path/Frameworks",
				);
				MARKETING_VERSION = 1.0;
				PRODUCT_BUNDLE_IDENTIFIER = com.rotadevsolutions.ReproductorMusica;
				PRODUCT_NAME = "$(TARGET_NAME)";
				SWIFT_EMIT_LOC_STRINGS = YES;
				SWIFT_VERSION = 5.0;
				TARGETED_DEVICE_FAMILY = "1,2";
			};
			name = Debug;
		};
		6CB5417C29B244FC00F54FBB /* Release */ = {
			isa = XCBuildConfiguration;
			buildSettings = {
				ASSETCATALOG_COMPILER_APPICON_NAME = AppIcon;
				ASSETCATALOG_COMPILER_GLOBAL_ACCENT_COLOR_NAME = AccentColor;
				CODE_SIGN_STYLE = Automatic;
				CURRENT_PROJECT_VERSION = 1;
				DEVELOPMENT_TEAM = 28Z45T22J2;
				GENERATE_INFOPLIST_FILE = YES;
				INFOPLIST_FILE = ReproductorMusica/Info.plist;
				INFOPLIST_KEY_UIApplicationSupportsIndirectInputEvents = YES;
				INFOPLIST_KEY_UILaunchStoryboardName = LaunchScreen;
				INFOPLIST_KEY_UIMainStoryboardFile = Main;
				INFOPLIST_KEY_UISupportedInterfaceOrientations_iPad = "UIInterfaceOrientationPortrait UIInterfaceOrientationPortraitUpsideDown UIInterfaceOrientationLandscapeLeft UIInterfaceOrientationLandscapeRight";
				INFOPLIST_KEY_UISupportedInterfaceOrientations_iPhone = "UIInterfaceOrientationPortrait UIInterfaceOrientationLandscapeLeft UIInterfaceOrientationLandscapeRight";
				LD_RUNPATH_SEARCH_PATHS = (
					"$(inherited)",
					"@executable_path/Frameworks",
				);
				MARKETING_VERSION = 1.0;
				PRODUCT_BUNDLE_IDENTIFIER = com.rotadevsolutions.ReproductorMusica;
				PRODUCT_NAME = "$(TARGET_NAME)";
				SWIFT_EMIT_LOC_STRINGS = YES;
				SWIFT_VERSION = 5.0;
				TARGETED_DEVICE_FAMILY = "1,2";
			};
			name = Release;
		};
/* End XCBuildConfiguration section */

/* Begin XCConfigurationList section */
		6CB5416129B244F900F54FBB /* Build configuration list for PBXProject "ReproductorMusica" */ = {
			isa = XCConfigurationList;
			buildConfigurations = (
				6CB5417829B244FC00F54FBB /* Debug */,
				6CB5417929B244FC00F54FBB /* Release */,
			);
			defaultConfigurationIsVisible = 0;
			defaultConfigurationName = Release;
		};
		6CB5417A29B244FC00F54FBB /* Build configuration list for PBXNativeTarget "ReproductorMusica" */ = {
			isa = XCConfigurationList;
			buildConfigurations = (
				6CB5417B29B244FC00F54FBB /* Debug */,
				6CB5417C29B244FC00F54FBB /* Release */,
			);
			defaultConfigurationIsVisible = 0;
			defaultConfigurationName = Release;
		};
/* End XCConfigurationList section */
	};
	rootObject = 6CB5415E29B244F900F54FBB /* Project object */;
}
